{
  "pins" : [
    {
      "identity" : "audiokit",
      "kind" : "remoteSourceControl",
      "location" : "https://github.com/AudioKit/AudioKit",
      "state" : {
        "revision" : "b2dbaed8cd38077092b6b6e311699ddf5d94dbd7",
        "version" : "5.6.3"
      }
    },
    {
      "identity" : "siriwaveview",
      "kind" : "remoteSourceControl",
      "location" : "https://github.com/alfianlosari/SiriWaveView.git",
      "state" : {
        "branch" : "master",
        "revision" : "86e79e3f9c3089061976d3590b5459842f8610cd"
      }
    },
    {
      "identity" : "swiftwhisper",
      "kind" : "remoteSourceControl",
      "location" : "https://github.com/exPHAT/SwiftWhisper",
      "state" : {
        "revision" : "a192004db08de7c6eaa169eede77f1625e7d23fb",
        "version" : "1.2.0"
      }
    }
  ],
  "version" : 2
}
